{
    "_readme": [
        "This file locks the dependencies of your project to a known state",
        "Read more about it at https://getcomposer.org/doc/01-basic-usage.md#installing-dependencies",
        "This file is @generated automatically"
    ],
    "content-hash": "8434213f393ab165b0bd2d81c5f81af6",
    "packages": [
        {
            "name": "kucrut/vite-for-wp",
            "version": "v0.3.0",
            "source": {
                "type": "git",
                "url": "https://github.com/kucrut/vite-for-wp.git",
                "reference": "29891585a24fac3b0aeca45b428c0e19c1a2d028"
            },
            "dist": {
                "type": "zip",
                "url": "https://api.github.com/repos/kucrut/vite-for-wp/zipball/29891585a24fac3b0aeca45b428c0e19c1a2d028",
                "reference": "29891585a24fac3b0aeca45b428c0e19c1a2d028",
                "shasum": ""
            },
            "require-dev": {
                "dealerdirect/phpcodesniffer-composer-installer": "^0.7.2",
                "wp-coding-standards/wpcs": "^2.3"
            },
            "type": "library",
            "autoload": {
                "files": [
                    "vite-for-wp.php"
                ]
            },
            "notification-url": "https://packagist.org/downloads/",
            "license": [
                "GPL-2.0-only"
            ],
            "authors": [
                {
                    "name": "Dzikri Aziz"
                }
            ],
            "description": "Vite integration for WordPress plugins and themes development.",
            "support": {
                "issues": "https://github.com/kucrut/vite-for-wp/issues",
                "source": "https://github.com/kucrut/vite-for-wp/tree/v0.3.0"
            },
            "time": "2022-09-01T12:07:08+00:00"
        }
    ],
    "packages-dev": [],
    "aliases": [],
    "minimum-stability": "stable",
    "stability-flags": [],
    "prefer-stable": false,
    "prefer-lowest": false,
    "platform": [],
    "platform-dev": [],
    "plugin-api-version": "2.3.0"
}
